hash: 1b693ba279f85c9385efa69bb55a7414602b93b800dbd12729b574a7713debb0
updated: 2017-10-10T14:09:34.0227561-07:00
imports:
- name: github.com/Azure/azure-sdk-for-go
  version: 80f6cbcb1d6295ebb8fbeb5afab826a94aa67d11
  subpackages:
  - arm/compute
  - arm/network
  - arm/resources/resources
  - arm/storage
- name: github.com/Azure/go-autorest
  version: 7f8a665a21a63f5a81a07cf517c2647d0574c4f5
  subpackages:
  - autorest
  - autorest/adal
  - autorest/azure
  - autorest/date
  - autorest/to
  - autorest/validation
- name: github.com/dgrijalva/jwt-go
  version: a539ee1a749a2b895533f979515ac7e6e0f5b650
testImports: []
